
Microsoft Visual Studio Solution File, Format Version 12.00
# Visual Studio Version 17
VisualStudioVersion = 17.11.35312.102
MinimumVisualStudioVersion = 10.0.40219.1
Project("{FAE04EC0-301F-11D3-BF4B-00C04F79EFBC}") = "MSC-Discovery", "MSC-Discovery\MSC-Discovery.csproj", "{CC20F8C6-BDDF-4762-A2DB-513508AECE1E}"
EndProject
Global
	GlobalSection(SolutionConfigurationPlatforms) = preSolution
		Debug|Any CPU = Debug|Any CPU
		Release|Any CPU = Release|Any CPU
	EndGlobalSection
	GlobalSection(ProjectConfigurationPlatforms) = postSolution
		{CC20F8C6-BDDF-4762-A2DB-513508AECE1E}.Debug|Any CPU.ActiveCfg = Debug|Any CPU
		{CC20F8C6-BDDF-4762-A2DB-513508AECE1E}.Debug|Any CPU.Build.0 = Debug|Any CPU
		{CC20F8C6-BDDF-4762-A2DB-513508AECE1E}.Release|Any CPU.ActiveCfg = Release|Any CPU
		{CC20F8C6-BDDF-4762-A2DB-513508AECE1E}.Release|Any CPU.Build.0 = Release|Any CPU
	EndGlobalSection
	GlobalSection(SolutionProperties) = preSolution
		HideSolutionNode = FALSE
	EndGlobalSection
	GlobalSection(ExtensibilityGlobals) = postSolution
		SolutionGuid = {E97FCCA2-94F9-406C-8403-75C3DE50347B}
	EndGlobalSection
EndGlobal
